// !$*UTF8*$!
{
	archiveVersion = 1;
	classes = {
	};
	objectVersion = 55;
	objects = {

/* Begin PBXBuildFile section */
		67AEFC302785A1E50000E12D /* AppDelegate.swift in Sources */ = {isa = PBXBuildFile; fileRef = 67AEFC2F2785A1E50000E12D /* AppDelegate.swift */; };
		67AEFC322785A1E50000E12D /* SceneDelegate.swift in Sources */ = {isa = PBXBuildFile; fileRef = 67AEFC312785A1E50000E12D /* SceneDelegate.swift */; };
		67AEFC342785A1E50000E12D /* VC1.swift in Sources */ = {isa = PBXBuildFile; fileRef = 67AEFC332785A1E50000E12D /* VC1.swift */; };
		67AEFC372785A1E50000E12D /* Main.storyboard in Resources */ = {isa = PBXBuildFile; fileRef = 67AEFC352785A1E50000E12D /* Main.storyboard */; };
		67AEFC392785A1E70000E12D /* Assets.xcassets in Resources */ = {isa = PBXBuildFile; fileRef = 67AEFC382785A1E70000E12D /* Assets.xcassets */; };
		67AEFC3C2785A1E70000E12D /* LaunchScreen.storyboard in Resources */ = {isa = PBXBuildFile; fileRef = 67AEFC3A2785A1E70000E12D /* LaunchScreen.storyboard */; };
		67AEFC462785A3640000E12D /* VC2.swift in Sources */ = {isa = PBXBuildFile; fileRef = 67AEFC452785A3640000E12D /* VC2.swift */; };
		67AEFC482785A3750000E12D /* VC3.swift in Sources */ = {isa = PBXBuildFile; fileRef = 67AEFC472785A3750000E12D /* VC3.swift */; };
		67AEFC4B2785A8D70000E12D /* RouterProtocol.swift in Sources */ = {isa = PBXBuildFile; fileRef = 67AEFC4A2785A8D70000E12D /* RouterProtocol.swift */; };
		67AEFC4D2785A9740000E12D /* Storyboarded.swift in Sources */ = {isa = PBXBuildFile; fileRef = 67AEFC4C2785A9740000E12D /* Storyboarded.swift */; };
		67AEFC4F2785AB7B0000E12D /* Router.swift in Sources */ = {isa = PBXBuildFile; fileRef = 67AEFC4E2785AB7B0000E12D /* Router.swift */; };
/* End PBXBuildFile section */

/* Begin PBXFileReference section */
		67AEFC2C2785A1E50000E12D /* SaveStateOfApp.app */ = {isa = PBXFileReference; explicitFileType = wrapper.application; includeInIndex = 0; path = SaveStateOfApp.app; sourceTree = BUILT_PRODUCTS_DIR; };
		67AEFC2F2785A1E50000E12D /* AppDelegate.swift */ = {isa = PBXFileReference; lastKnownFileType = sourcecode.swift; path = AppDelegate.swift; sourceTree = "<group>"; };
		67AEFC312785A1E50000E12D /* SceneDelegate.swift */ = {isa = PBXFileReference; lastKnownFileType = sourcecode.swift; path = SceneDelegate.swift; sourceTree = "<group>"; };
		67AEFC332785A1E50000E12D /* VC1.swift */ = {isa = PBXFileReference; lastKnownFileType = sourcecode.swift; path = VC1.swift; sourceTree = "<group>"; };
		67AEFC362785A1E50000E12D /* Base */ = {isa = PBXFileReference; lastKnownFileType = file.storyboard; name = Base; path = Base.lproj/Main.storyboard; sourceTree = "<group>"; };
		67AEFC382785A1E70000E12D /* Assets.xcassets */ = {isa = PBXFileReference; lastKnownFileType = folder.assetcatalog; path = Assets.xcassets; sourceTree = "<group>"; };
		67AEFC3B2785A1E70000E12D /* Base */ = {isa = PBXFileReference; lastKnownFileType = file.storyboard; name = Base; path = Base.lproj/LaunchScreen.storyboard; sourceTree = "<group>"; };
		67AEFC3D2785A1E70000E12D /* Info.plist */ = {isa = PBXFileReference; lastKnownFileType = text.plist.xml; path = Info.plist; sourceTree = "<group>"; };
		67AEFC452785A3640000E12D /* VC2.swift */ = {isa = PBXFileReference; lastKnownFileType = sourcecode.swift; path = VC2.swift; sourceTree = "<group>"; };
		67AEFC472785A3750000E12D /* VC3.swift */ = {isa = PBXFileReference; lastKnownFileType = sourcecode.swift; path = VC3.swift; sourceTree = "<group>"; };
		67AEFC4A2785A8D70000E12D /* RouterProtocol.swift */ = {isa = PBXFileReference; lastKnownFileType = sourcecode.swift; path = RouterProtocol.swift; sourceTree = "<group>"; };
		67AEFC4C2785A9740000E12D /* Storyboarded.swift */ = {isa = PBXFileReference; lastKnownFileType = sourcecode.swift; path = Storyboarded.swift; sourceTree = "<group>"; };
		67AEFC4E2785AB7B0000E12D /* Router.swift */ = {isa = PBXFileReference; lastKnownFileType = sourcecode.swift; path = Router.swift; sourceTree = "<group>"; };
/* End PBXFileReference section */

/* Begin PBXFrameworksBuildPhase section */
		67AEFC292785A1E50000E12D /* Frameworks */ = {
			isa = PBXFrameworksBuildPhase;
			buildActionMask = 2147483647;
			files = (
			);
			runOnlyForDeploymentPostprocessing = 0;
		};
/* End PBXFrameworksBuildPhase section */

/* Begin PBXGroup section */
		67AEFC232785A1E50000E12D = {
			isa = PBXGroup;
			children = (
				67AEFC2E2785A1E50000E12D /* SaveStateOfApp */,
				67AEFC2D2785A1E50000E12D /* Products */,
			);
			sourceTree = "<group>";
		};
		67AEFC2D2785A1E50000E12D /* Products */ = {
			isa = PBXGroup;
			children = (
				67AEFC2C2785A1E50000E12D /* SaveStateOfApp.app */,
			);
			name = Products;
			sourceTree = "<group>";
		};
		67AEFC2E2785A1E50000E12D /* SaveStateOfApp */ = {
			isa = PBXGroup;
			children = (
				67AEFC432785A2920000E12D /* Standards */,
				67AEFC492785A8BE0000E12D /* Router */,
				67AEFC442785A2C10000E12D /* VCs */,
				67AEFC3D2785A1E70000E12D /* Info.plist */,
			);
			path = SaveStateOfApp;
			sourceTree = "<group>";
		};
		67AEFC432785A2920000E12D /* Standards */ = {
			isa = PBXGroup;
			children = (
				67AEFC3A2785A1E70000E12D /* LaunchScreen.storyboard */,
				67AEFC2F2785A1E50000E12D /* AppDelegate.swift */,
				67AEFC382785A1E70000E12D /* Assets.xcassets */,
				67AEFC312785A1E50000E12D /* SceneDelegate.swift */,
			);
			path = Standards;
			sourceTree = "<group>";
		};
		67AEFC442785A2C10000E12D /* VCs */ = {
			isa = PBXGroup;
			children = (
				67AEFC332785A1E50000E12D /* VC1.swift */,
				67AEFC452785A3640000E12D /* VC2.swift */,
				67AEFC472785A3750000E12D /* VC3.swift */,
				67AEFC352785A1E50000E12D /* Main.storyboard */,
			);
			path = VCs;
			sourceTree = "<group>";
		};
		67AEFC492785A8BE0000E12D /* Router */ = {
			isa = PBXGroup;
			children = (
				67AEFC4A2785A8D70000E12D /* RouterProtocol.swift */,
				67AEFC4C2785A9740000E12D /* Storyboarded.swift */,
				67AEFC4E2785AB7B0000E12D /* Router.swift */,
			);
			path = Router;
			sourceTree = "<group>";
		};
/* End PBXGroup section */

/* Begin PBXNativeTarget section */
		67AEFC2B2785A1E50000E12D /* SaveStateOfApp */ = {
			isa = PBXNativeTarget;
			buildConfigurationList = 67AEFC402785A1E70000E12D /* Build configuration list for PBXNativeTarget "SaveStateOfApp" */;
			buildPhases = (
				67AEFC282785A1E50000E12D /* Sources */,
				67AEFC292785A1E50000E12D /* Frameworks */,
				67AEFC2A2785A1E50000E12D /* Resources */,
			);
			buildRules = (
			);
			dependencies = (
			);
			name = SaveStateOfApp;
			productName = SaveStateOfApp;
			productReference = 67AEFC2C2785A1E50000E12D /* SaveStateOfApp.app */;
			productType = "com.apple.product-type.application";
		};
/* End PBXNativeTarget section */

/* Begin PBXProject section */
		67AEFC242785A1E50000E12D /* Project object */ = {
			isa = PBXProject;
			attributes = {
				BuildIndependentTargetsInParallel = 1;
				LastSwiftUpdateCheck = 1320;
				LastUpgradeCheck = 1320;
				TargetAttributes = {
					67AEFC2B2785A1E50000E12D = {
						CreatedOnToolsVersion = 13.2.1;
					};
				};
			};
			buildConfigurationList = 67AEFC272785A1E50000E12D /* Build configuration list for PBXProject "SaveStateOfApp" */;
			compatibilityVersion = "Xcode 13.0";
			developmentRegion = en;
			hasScannedForEncodings = 0;
			knownRegions = (
				en,
				Base,
			);
			mainGroup = 67AEFC232785A1E50000E12D;
			productRefGroup = 67AEFC2D2785A1E50000E12D /* Products */;
			projectDirPath = "";
			projectRoot = "";
			targets = (
				67AEFC2B2785A1E50000E12D /* SaveStateOfApp */,
			);
		};
/* End PBXProject section */

/* Begin PBXResourcesBuildPhase section */
		67AEFC2A2785A1E50000E12D /* Resources */ = {
			isa = PBXResourcesBuildPhase;
			buildActionMask = 2147483647;
			files = (
				67AEFC3C2785A1E70000E12D /* LaunchScreen.storyboard in Resources */,
				67AEFC392785A1E70000E12D /* Assets.xcassets in Resources */,
				67AEFC372785A1E50000E12D /* Main.storyboard in Resources */,
			);
			runOnlyForDeploymentPostprocessing = 0;
		};
/* End PBXResourcesBuildPhase section */

/* Begin PBXSourcesBuildPhase section */
		67AEFC282785A1E50000E12D /* Sources */ = {
			isa = PBXSourcesBuildPhase;
			buildActionMask = 2147483647;
			files = (
				67AEFC4F2785AB7B0000E12D /* Router.swift in Sources */,
				67AEFC4B2785A8D70000E12D /* RouterProtocol.swift in Sources */,
				67AEFC342785A1E50000E12D /* VC1.swift in Sources */,
				67AEFC302785A1E50000E12D /* AppDelegate.swift in Sources */,
				67AEFC482785A3750000E12D /* VC3.swift in Sources */,
				67AEFC322785A1E50000E12D /* SceneDelegate.swift in Sources */,
				67AEFC462785A3640000E12D /* VC2.swift in Sources */,
				67AEFC4D2785A9740000E12D /* Storyboarded.swift in Sources */,
			);
			runOnlyForDeploymentPostprocessing = 0;
		};
/* End PBXSourcesBuildPhase section */

/* Begin PBXVariantGroup section */
		67AEFC352785A1E50000E12D /* Main.storyboard */ = {
			isa = PBXVariantGroup;
			children = (
				67AEFC362785A1E50000E12D /* Base */,
			);
			name = Main.storyboard;
			sourceTree = "<group>";
		};
		67AEFC3A2785A1E70000E12D /* LaunchScreen.storyboard */ = {
			isa = PBXVariantGroup;
			children = (
				67AEFC3B2785A1E70000E12D /* Base */,
			);
			name = LaunchScreen.storyboard;
			sourceTree = "<group>";
		};
/* End PBXVariantGroup section */

/* Begin XCBuildConfiguration section */
		67AEFC3E2785A1E70000E12D /* Debug */ = {
			isa = XCBuildConfiguration;
			buildSettings = {
				ALWAYS_SEARCH_USER_PATHS = NO;
				CLANG_ANALYZER_NONNULL = YES;
				CLANG_ANALYZER_NUMBER_OBJECT_CONVERSION = YES_AGGRESSIVE;
				CLANG_CXX_LANGUAGE_STANDARD = "gnu++17";
				CLANG_CXX_LIBRARY = "libc++";
				CLANG_ENABLE_MODULES = YES;
				CLANG_ENABLE_OBJC_ARC = YES;
				CLANG_ENABLE_OBJC_WEAK = YES;
				CLANG_WARN_BLOCK_CAPTURE_AUTORELEASING = YES;
				CLANG_WARN_BOOL_CONVERSION = YES;
				CLANG_WARN_COMMA = YES;
				CLANG_WARN_CONSTANT_CONVERSION = YES;
				CLANG_WARN_DEPRECATED_OBJC_IMPLEMENTATIONS = YES;
				CLANG_WARN_DIRECT_OBJC_ISA_USAGE = YES_ERROR;
				CLANG_WARN_DOCUMENTATION_COMMENTS = YES;
				CLANG_WARN_EMPTY_BODY = YES;
				CLANG_WARN_ENUM_CONVERSION = YES;
				CLANG_WARN_INFINITE_RECURSION = YES;
				CLANG_WARN_INT_CONVERSION = YES;
				CLANG_WARN_NON_LITERAL_NULL_CONVERSION = YES;
				CLANG_WARN_OBJC_IMPLICIT_RETAIN_SELF = YES;
				CLANG_WARN_OBJC_LITERAL_CONVERSION = YES;
				CLANG_WARN_OBJC_ROOT_CLASS = YES_ERROR;
				CLANG_WARN_QUOTED_INCLUDE_IN_FRAMEWORK_HEADER = YES;
				CLANG_WARN_RANGE_LOOP_ANALYSIS = YES;
				CLANG_WARN_STRICT_PROTOTYPES = YES;
				CLANG_WARN_SUSPICIOUS_MOVE = YES;
				CLANG_WARN_UNGUARDED_AVAILABILITY = YES_AGGRESSIVE;
				CLANG_WARN_UNREACHABLE_CODE = YES;
				CLANG_WARN__DUPLICATE_METHOD_MATCH = YES;
				COPY_PHASE_STRIP = NO;
				DEBUG_INFORMATION_FORMAT = dwarf;
				ENABLE_STRICT_OBJC_MSGSEND = YES;
				ENABLE_TESTABILITY = YES;
				GCC_C_LANGUAGE_STANDARD = gnu11;
				GCC_DYNAMIC_NO_PIC = NO;
				GCC_NO_COMMON_BLOCKS = YES;
				GCC_OPTIMIZATION_LEVEL = 0;
				GCC_PREPROCESSOR_DEFINITIONS = (
					"DEBUG=1",
					"$(inherited)",
				);
				GCC_WARN_64_TO_32_BIT_CONVERSION = YES;
				GCC_WARN_ABOUT_RETURN_TYPE = YES_ERROR;
				GCC_WARN_UNDECLARED_SELECTOR = YES;
				GCC_WARN_UNINITIALIZED_AUTOS = YES_AGGRESSIVE;
				GCC_WARN_UNUSED_FUNCTION = YES;
				GCC_WARN_UNUSED_VARIABLE = YES;
				IPHONEOS_DEPLOYMENT_TARGET = 15.2;
				MTL_ENABLE_DEBUG_INFO = INCLUDE_SOURCE;
				MTL_FAST_MATH = YES;
				ONLY_ACTIVE_ARCH = YES;
				SDKROOT = iphoneos;
				SWIFT_ACTIVE_COMPILATION_CONDITIONS = DEBUG;
				SWIFT_OPTIMIZATION_LEVEL = "-Onone";
			};
			name = Debug;
		};
		67AEFC3F2785A1E70000E12D /* Release */ = {
			isa = XCBuildConfiguration;
			buildSettings = {
				ALWAYS_SEARCH_USER_PATHS = NO;
				CLANG_ANALYZER_NONNULL = YES;
				CLANG_ANALYZER_NUMBER_OBJECT_CONVERSION = YES_AGGRESSIVE;
				CLANG_CXX_LANGUAGE_STANDARD = "gnu++17";
				CLANG_CXX_LIBRARY = "libc++";
				CLANG_ENABLE_MODULES = YES;
				CLANG_ENABLE_OBJC_ARC = YES;
				CLANG_ENABLE_OBJC_WEAK = YES;
				CLANG_WARN_BLOCK_CAPTURE_AUTORELEASING = YES;
				CLANG_WARN_BOOL_CONVERSION = YES;
				CLANG_WARN_COMMA = YES;
				CLANG_WARN_CONSTANT_CONVERSION = YES;
				CLANG_WARN_DEPRECATED_OBJC_IMPLEMENTATIONS = YES;
				CLANG_WARN_DIRECT_OBJC_ISA_USAGE = YES_ERROR;
				CLANG_WARN_DOCUMENTATION_COMMENTS = YES;
				CLANG_WARN_EMPTY_BODY = YES;
				CLANG_WARN_ENUM_CONVERSION = YES;
				CLANG_WARN_INFINITE_RECURSION = YES;
				CLANG_WARN_INT_CONVERSION = YES;
				CLANG_WARN_NON_LITERAL_NULL_CONVERSION = YES;
				CLANG_WARN_OBJC_IMPLICIT_RETAIN_SELF = YES;
				CLANG_WARN_OBJC_LITERAL_CONVERSION = YES;
				CLANG_WARN_OBJC_ROOT_CLASS = YES_ERROR;
				CLANG_WARN_QUOTED_INCLUDE_IN_FRAMEWORK_HEADER = YES;
				CLANG_WARN_RANGE_LOOP_ANALYSIS = YES;
				CLANG_WARN_STRICT_PROTOTYPES = YES;
				CLANG_WARN_SUSPICIOUS_MOVE = YES;
				CLANG_WARN_UNGUARDED_AVAILABILITY = YES_AGGRESSIVE;
				CLANG_WARN_UNREACHABLE_CODE = YES;
				CLANG_WARN__DUPLICATE_METHOD_MATCH = YES;
				COPY_PHASE_STRIP = NO;
				DEBUG_INFORMATION_FORMAT = "dwarf-with-dsym";
				ENABLE_NS_ASSERTIONS = NO;
				ENABLE_STRICT_OBJC_MSGSEND = YES;
				GCC_C_LANGUAGE_STANDARD = gnu11;
				GCC_NO_COMMON_BLOCKS = YES;
				GCC_WARN_64_TO_32_BIT_CONVERSION = YES;
				GCC_WARN_ABOUT_RETURN_TYPE = YES_ERROR;
				GCC_WARN_UNDECLARED_SELECTOR = YES;
				GCC_WARN_UNINITIALIZED_AUTOS = YES_AGGRESSIVE;
				GCC_WARN_UNUSED_FUNCTION = YES;
				GCC_WARN_UNUSED_VARIABLE = YES;
				IPHONEOS_DEPLOYMENT_TARGET = 15.2;
				MTL_ENABLE_DEBUG_INFO = NO;
				MTL_FAST_MATH = YES;
				SDKROOT = iphoneos;
				SWIFT_COMPILATION_MODE = wholemodule;
				SWIFT_OPTIMIZATION_LEVEL = "-O";
				VALIDATE_PRODUCT = YES;
			};
			name = Release;
		};
		67AEFC412785A1E70000E12D /* Debug */ = {
			isa = XCBuildConfiguration;
			buildSettings = {
				ASSETCATALOG_COMPILER_APPICON_NAME = AppIcon;
				ASSETCATALOG_COMPILER_GLOBAL_ACCENT_COLOR_NAME = AccentColor;
				CODE_SIGN_STYLE = Automatic;
				CURRENT_PROJECT_VERSION = 1;
				GENERATE_INFOPLIST_FILE = YES;
				INFOPLIST_FILE = SaveStateOfApp/Info.plist;
				INFOPLIST_KEY_UIApplicationSupportsIndirectInputEvents = YES;
				INFOPLIST_KEY_UILaunchStoryboardName = LaunchScreen;
				INFOPLIST_KEY_UIMainStoryboardFile = Main;
				INFOPLIST_KEY_UISupportedInterfaceOrientations_iPad = "UIInterfaceOrientationPortrait UIInterfaceOrientationPortraitUpsideDown UIInterfaceOrientationLandscapeLeft UIInterfaceOrientationLandscapeRight";
				INFOPLIST_KEY_UISupportedInterfaceOrientations_iPhone = "UIInterfaceOrientationPortrait UIInterfaceOrientationLandscapeLeft UIInterfaceOrientationLandscapeRight";
				LD_RUNPATH_SEARCH_PATHS = (
					"$(inherited)",
					"@executable_path/Frameworks",
				);
				MARKETING_VERSION = 1.0;
				PRODUCT_BUNDLE_IDENTIFIER = "-.SaveStateOfApp";
				PRODUCT_NAME = "$(TARGET_NAME)";
				SWIFT_EMIT_LOC_STRINGS = YES;
				SWIFT_VERSION = 5.0;
				TARGETED_DEVICE_FAMILY = "1,2";
			};
			name = Debug;
		};
		67AEFC422785A1E70000E12D /* Release */ = {
			isa = XCBuildConfiguration;
			buildSettings = {
				ASSETCATALOG_COMPILER_APPICON_NAME = AppIcon;
				ASSETCATALOG_COMPILER_GLOBAL_ACCENT_COLOR_NAME = AccentColor;
				CODE_SIGN_STYLE = Automatic;
				CURRENT_PROJECT_VERSION = 1;
				GENERATE_INFOPLIST_FILE = YES;
				INFOPLIST_FILE = SaveStateOfApp/Info.plist;
				INFOPLIST_KEY_UIApplicationSupportsIndirectInputEvents = YES;
				INFOPLIST_KEY_UILaunchStoryboardName = LaunchScreen;
				INFOPLIST_KEY_UIMainStoryboardFile = Main;
				INFOPLIST_KEY_UISupportedInterfaceOrientations_iPad = "UIInterfaceOrientationPortrait UIInterfaceOrientationPortraitUpsideDown UIInterfaceOrientationLandscapeLeft UIInterfaceOrientationLandscapeRight";
				INFOPLIST_KEY_UISupportedInterfaceOrientations_iPhone = "UIInterfaceOrientationPortrait UIInterfaceOrientationLandscapeLeft UIInterfaceOrientationLandscapeRight";
				LD_RUNPATH_SEARCH_PATHS = (
					"$(inherited)",
					"@executable_path/Frameworks",
				);
				MARKETING_VERSION = 1.0;
				PRODUCT_BUNDLE_IDENTIFIER = "-.SaveStateOfApp";
				PRODUCT_NAME = "$(TARGET_NAME)";
				SWIFT_EMIT_LOC_STRINGS = YES;
				SWIFT_VERSION = 5.0;
				TARGETED_DEVICE_FAMILY = "1,2";
			};
			name = Release;
		};
/* End XCBuildConfiguration section */

/* Begin XCConfigurationList section */
		67AEFC272785A1E50000E12D /* Build configuration list for PBXProject "SaveStateOfApp" */ = {
			isa = XCConfigurationList;
			buildConfigurations = (
				67AEFC3E2785A1E70000E12D /* Debug */,
				67AEFC3F2785A1E70000E12D /* Release */,
			);
			defaultConfigurationIsVisible = 0;
			defaultConfigurationName = Release;
		};
		67AEFC402785A1E70000E12D /* Build configuration list for PBXNativeTarget "SaveStateOfApp" */ = {
			isa = XCConfigurationList;
			buildConfigurations = (
				67AEFC412785A1E70000E12D /* Debug */,
				67AEFC422785A1E70000E12D /* Release */,
			);
			defaultConfigurationIsVisible = 0;
			defaultConfigurationName = Release;
		};
/* End XCConfigurationList section */
	};
	rootObject = 67AEFC242785A1E50000E12D /* Project object */;
}
